
Microsoft Visual Studio Solution File, Format Version 12.00
# Visual Studio Version 17
VisualStudioVersion = 17.4.33110.190
MinimumVisualStudioVersion = 10.0.40219.1
Project("{FAE04EC0-301F-11D3-BF4B-00C04F79EFBC}") = "5.1. test", "5.1. test\5.1. test.csproj", "{AD370BDE-AD0B-46C3-8383-03368F7E23DA}"
EndProject
Global
	GlobalSection(SolutionConfigurationPlatforms) = preSolution
		Debug|Any CPU = Debug|Any CPU
		Release|Any CPU = Release|Any CPU
	EndGlobalSection
	GlobalSection(ProjectConfigurationPlatforms) = postSolution
		{AD370BDE-AD0B-46C3-8383-03368F7E23DA}.Debug|Any CPU.ActiveCfg = Debug|Any CPU
		{AD370BDE-AD0B-46C3-8383-03368F7E23DA}.Debug|Any CPU.Build.0 = Debug|Any CPU
		{AD370BDE-AD0B-46C3-8383-03368F7E23DA}.Release|Any CPU.ActiveCfg = Release|Any CPU
		{AD370BDE-AD0B-46C3-8383-03368F7E23DA}.Release|Any CPU.Build.0 = Release|Any CPU
	EndGlobalSection
	GlobalSection(SolutionProperties) = preSolution
		HideSolutionNode = FALSE
	EndGlobalSection
	GlobalSection(ExtensibilityGlobals) = postSolution
		SolutionGuid = {465EAACB-0E35-4660-966A-A21E527217AF}
	EndGlobalSection
EndGlobal
